
Microsoft Visual Studio Solution File, Format Version 12.00
# Visual Studio 15
Project("{FAE04EC0-301F-11D3-BF4B-00C04F79EFBC}") = "Chloroplast.Tool", "Chloroplast.Tool\Chloroplast.Tool.csproj", "{E829572E-DD22-450C-8667-B0DD6EE44A25}"
EndProject
Project("{FAE04EC0-301F-11D3-BF4B-00C04F79EFBC}") = "Chloroplast.Core", "Chloroplast.Core\Chloroplast.Core.csproj", "{59B9F319-C91F-4F70-9278-C064F80CB6A6}"
EndProject
Project("{FAE04EC0-301F-11D3-BF4B-00C04F79EFBC}") = "Chloroplast.Test", "Chloroplast.Test\Chloroplast.Test.csproj", "{486FF194-7940-4948-952D-BFF27F7CA251}"
EndProject
Project("{FAE04EC0-301F-11D3-BF4B-00C04F79EFBC}") = "Chloroplast.Web", "Chloroplast.Web\Chloroplast.Web.csproj", "{E58C3726-033D-4CD2-9605-617BD8B76838}"
EndProject
Global
	GlobalSection(SolutionConfigurationPlatforms) = preSolution
		Debug|Any CPU = Debug|Any CPU
		Release|Any CPU = Release|Any CPU
	EndGlobalSection
	GlobalSection(ProjectConfigurationPlatforms) = postSolution
		{E829572E-DD22-450C-8667-B0DD6EE44A25}.Debug|Any CPU.ActiveCfg = Debug|Any CPU
		{E829572E-DD22-450C-8667-B0DD6EE44A25}.Debug|Any CPU.Build.0 = Debug|Any CPU
		{E829572E-DD22-450C-8667-B0DD6EE44A25}.Release|Any CPU.ActiveCfg = Release|Any CPU
		{E829572E-DD22-450C-8667-B0DD6EE44A25}.Release|Any CPU.Build.0 = Release|Any CPU
		{59B9F319-C91F-4F70-9278-C064F80CB6A6}.Debug|Any CPU.ActiveCfg = Debug|Any CPU
		{59B9F319-C91F-4F70-9278-C064F80CB6A6}.Debug|Any CPU.Build.0 = Debug|Any CPU
		{59B9F319-C91F-4F70-9278-C064F80CB6A6}.Release|Any CPU.ActiveCfg = Release|Any CPU
		{59B9F319-C91F-4F70-9278-C064F80CB6A6}.Release|Any CPU.Build.0 = Release|Any CPU
		{486FF194-7940-4948-952D-BFF27F7CA251}.Debug|Any CPU.ActiveCfg = Debug|Any CPU
		{486FF194-7940-4948-952D-BFF27F7CA251}.Debug|Any CPU.Build.0 = Debug|Any CPU
		{486FF194-7940-4948-952D-BFF27F7CA251}.Release|Any CPU.ActiveCfg = Release|Any CPU
		{486FF194-7940-4948-952D-BFF27F7CA251}.Release|Any CPU.Build.0 = Release|Any CPU
		{E58C3726-033D-4CD2-9605-617BD8B76838}.Debug|Any CPU.ActiveCfg = Debug|Any CPU
		{E58C3726-033D-4CD2-9605-617BD8B76838}.Debug|Any CPU.Build.0 = Debug|Any CPU
		{E58C3726-033D-4CD2-9605-617BD8B76838}.Release|Any CPU.ActiveCfg = Release|Any CPU
		{E58C3726-033D-4CD2-9605-617BD8B76838}.Release|Any CPU.Build.0 = Release|Any CPU
	EndGlobalSection
EndGlobal
